// !$*UTF8*$!
{
	archiveVersion = 1;
	classes = {
	};
	objectVersion = 46;
	objects = {

/* Begin PBXBuildFile section */
		DF37ABC91DBB63464EE2A9B4 /* Pods_testt.framework in Frameworks */ = {isa = PBXBuildFile; fileRef = 825938AC7B050082E27671F4 /* Pods_testt.framework */; };
		E7483A021E6E644B002C1A5D /* RightBadge.swift in Sources */ = {isa = PBXBuildFile; fileRef = E7483A011E6E644B002C1A5D /* RightBadge.swift */; };
		E7483A041E6E8AD6002C1A5D /* LoginVC.swift in Sources */ = {isa = PBXBuildFile; fileRef = E7483A031E6E8AD6002C1A5D /* LoginVC.swift */; };
		E7483A061E6EA341002C1A5D /* Assets.xcassets in Resources */ = {isa = PBXBuildFile; fileRef = E7483A051E6EA341002C1A5D /* Assets.xcassets */; };
		E7483A081E6EA835002C1A5D /* NaviBarBtn.swift in Sources */ = {isa = PBXBuildFile; fileRef = E7483A071E6EA835002C1A5D /* NaviBarBtn.swift */; };
		E768BE3D1E6E48230032CDBB /* AppDelegate.swift in Sources */ = {isa = PBXBuildFile; fileRef = E768BE3C1E6E48230032CDBB /* AppDelegate.swift */; };
		E768BE3F1E6E48230032CDBB /* ViewController.swift in Sources */ = {isa = PBXBuildFile; fileRef = E768BE3E1E6E48230032CDBB /* ViewController.swift */; };
		E768BE421E6E48230032CDBB /* Main.storyboard in Resources */ = {isa = PBXBuildFile; fileRef = E768BE401E6E48230032CDBB /* Main.storyboard */; };
		E768BE441E6E48230032CDBB /* Assets.xcassets in Resources */ = {isa = PBXBuildFile; fileRef = E768BE431E6E48230032CDBB /* Assets.xcassets */; };
		E768BE471E6E48230032CDBB /* LaunchScreen.storyboard in Resources */ = {isa = PBXBuildFile; fileRef = E768BE451E6E48230032CDBB /* LaunchScreen.storyboard */; };
		E7DC74F71E714EDC0017866F /* AppointmetFormerInteractor.swift in Sources */ = {isa = PBXBuildFile; fileRef = E7DC74F21E714EDC0017866F /* AppointmetFormerInteractor.swift */; };
		E7DC74F81E714EDC0017866F /* AppointmetFormerModule.swift in Sources */ = {isa = PBXBuildFile; fileRef = E7DC74F31E714EDC0017866F /* AppointmetFormerModule.swift */; };
		E7DC74F91E714EDC0017866F /* AppointmetFormerPresenter.swift in Sources */ = {isa = PBXBuildFile; fileRef = E7DC74F41E714EDC0017866F /* AppointmetFormerPresenter.swift */; };
		E7DC74FA1E714EDC0017866F /* AppointmetFormerRouter.swift in Sources */ = {isa = PBXBuildFile; fileRef = E7DC74F51E714EDC0017866F /* AppointmetFormerRouter.swift */; };
		E7DC74FB1E714EDC0017866F /* AppointmetFormerViewController.swift in Sources */ = {isa = PBXBuildFile; fileRef = E7DC74F61E714EDC0017866F /* AppointmetFormerViewController.swift */; };
/* End PBXBuildFile section */

/* Begin PBXFileReference section */
		825938AC7B050082E27671F4 /* Pods_testt.framework */ = {isa = PBXFileReference; explicitFileType = wrapper.framework; includeInIndex = 0; path = Pods_testt.framework; sourceTree = BUILT_PRODUCTS_DIR; };
		A7676AE8E0699E9687E1F831 /* Pods-testt.release.xcconfig */ = {isa = PBXFileReference; includeInIndex = 1; lastKnownFileType = text.xcconfig; name = "Pods-testt.release.xcconfig"; path = "Pods/Target Support Files/Pods-testt/Pods-testt.release.xcconfig"; sourceTree = "<group>"; };
		E7483A011E6E644B002C1A5D /* RightBadge.swift */ = {isa = PBXFileReference; fileEncoding = 4; lastKnownFileType = sourcecode.swift; path = RightBadge.swift; sourceTree = "<group>"; };
		E7483A031E6E8AD6002C1A5D /* LoginVC.swift */ = {isa = PBXFileReference; fileEncoding = 4; lastKnownFileType = sourcecode.swift; path = LoginVC.swift; sourceTree = "<group>"; };
		E7483A051E6EA341002C1A5D /* Assets.xcassets */ = {isa = PBXFileReference; lastKnownFileType = folder.assetcatalog; path = Assets.xcassets; sourceTree = "<group>"; };
		E7483A071E6EA835002C1A5D /* NaviBarBtn.swift */ = {isa = PBXFileReference; fileEncoding = 4; lastKnownFileType = sourcecode.swift; path = NaviBarBtn.swift; sourceTree = "<group>"; };
		E768BE391E6E48230032CDBB /* testt.app */ = {isa = PBXFileReference; explicitFileType = wrapper.application; includeInIndex = 0; path = testt.app; sourceTree = BUILT_PRODUCTS_DIR; };
		E768BE3C1E6E48230032CDBB /* AppDelegate.swift */ = {isa = PBXFileReference; lastKnownFileType = sourcecode.swift; path = AppDelegate.swift; sourceTree = "<group>"; };
		E768BE3E1E6E48230032CDBB /* ViewController.swift */ = {isa = PBXFileReference; lastKnownFileType = sourcecode.swift; path = ViewController.swift; sourceTree = "<group>"; };
		E768BE411E6E48230032CDBB /* Base */ = {isa = PBXFileReference; lastKnownFileType = file.storyboard; name = Base; path = Base.lproj/Main.storyboard; sourceTree = "<group>"; };
		E768BE431E6E48230032CDBB /* Assets.xcassets */ = {isa = PBXFileReference; lastKnownFileType = folder.assetcatalog; path = Assets.xcassets; sourceTree = "<group>"; };
		E768BE461E6E48230032CDBB /* Base */ = {isa = PBXFileReference; lastKnownFileType = file.storyboard; name = Base; path = Base.lproj/LaunchScreen.storyboard; sourceTree = "<group>"; };
		E768BE481E6E48230032CDBB /* Info.plist */ = {isa = PBXFileReference; lastKnownFileType = text.plist.xml; path = Info.plist; sourceTree = "<group>"; };
		E7DC74F21E714EDC0017866F /* AppointmetFormerInteractor.swift */ = {isa = PBXFileReference; fileEncoding = 4; lastKnownFileType = sourcecode.swift; name = AppointmetFormerInteractor.swift; path = Assets.xcassets/AppointmetFormerInteractor.swift; sourceTree = "<group>"; };
		E7DC74F31E714EDC0017866F /* AppointmetFormerModule.swift */ = {isa = PBXFileReference; fileEncoding = 4; lastKnownFileType = sourcecode.swift; name = AppointmetFormerModule.swift; path = Assets.xcassets/AppointmetFormerModule.swift; sourceTree = "<group>"; };
		E7DC74F41E714EDC0017866F /* AppointmetFormerPresenter.swift */ = {isa = PBXFileReference; fileEncoding = 4; lastKnownFileType = sourcecode.swift; name = AppointmetFormerPresenter.swift; path = Assets.xcassets/AppointmetFormerPresenter.swift; sourceTree = "<group>"; };
		E7DC74F51E714EDC0017866F /* AppointmetFormerRouter.swift */ = {isa = PBXFileReference; fileEncoding = 4; lastKnownFileType = sourcecode.swift; name = AppointmetFormerRouter.swift; path = Assets.xcassets/AppointmetFormerRouter.swift; sourceTree = "<group>"; };
		E7DC74F61E714EDC0017866F /* AppointmetFormerViewController.swift */ = {isa = PBXFileReference; fileEncoding = 4; lastKnownFileType = sourcecode.swift; name = AppointmetFormerViewController.swift; path = Assets.xcassets/AppointmetFormerViewController.swift; sourceTree = "<group>"; };
		FF5892539239284CA1BC8476 /* Pods-testt.debug.xcconfig */ = {isa = PBXFileReference; includeInIndex = 1; lastKnownFileType = text.xcconfig; name = "Pods-testt.debug.xcconfig"; path = "Pods/Target Support Files/Pods-testt/Pods-testt.debug.xcconfig"; sourceTree = "<group>"; };
/* End PBXFileReference section */

/* Begin PBXFrameworksBuildPhase section */
		E768BE361E6E48230032CDBB /* Frameworks */ = {
			isa = PBXFrameworksBuildPhase;
			buildActionMask = 2147483647;
			files = (
				DF37ABC91DBB63464EE2A9B4 /* Pods_testt.framework in Frameworks */,
			);
			runOnlyForDeploymentPostprocessing = 0;
		};
/* End PBXFrameworksBuildPhase section */

/* Begin PBXGroup section */
		077E6ED02A8FC890C25D32A9 /* Pods */ = {
			isa = PBXGroup;
			children = (
				FF5892539239284CA1BC8476 /* Pods-testt.debug.xcconfig */,
				A7676AE8E0699E9687E1F831 /* Pods-testt.release.xcconfig */,
			);
			name = Pods;
			sourceTree = "<group>";
		};
		D52C9DD8B3996EC08B3A19BE /* Frameworks */ = {
			isa = PBXGroup;
			children = (
				825938AC7B050082E27671F4 /* Pods_testt.framework */,
			);
			name = Frameworks;
			sourceTree = "<group>";
		};
		E768BE301E6E48230032CDBB = {
			isa = PBXGroup;
			children = (
				E768BE3B1E6E48230032CDBB /* testt */,
				E768BE3A1E6E48230032CDBB /* Products */,
				077E6ED02A8FC890C25D32A9 /* Pods */,
				D52C9DD8B3996EC08B3A19BE /* Frameworks */,
			);
			sourceTree = "<group>";
		};
		E768BE3A1E6E48230032CDBB /* Products */ = {
			isa = PBXGroup;
			children = (
				E768BE391E6E48230032CDBB /* testt.app */,
			);
			name = Products;
			sourceTree = "<group>";
		};
		E768BE3B1E6E48230032CDBB /* testt */ = {
			isa = PBXGroup;
			children = (
				E7483A051E6EA341002C1A5D /* Assets.xcassets */,
				E768BE3C1E6E48230032CDBB /* AppDelegate.swift */,
				E768BE3E1E6E48230032CDBB /* ViewController.swift */,
				E768BE401E6E48230032CDBB /* Main.storyboard */,
				E768BE431E6E48230032CDBB /* Assets.xcassets */,
				E768BE451E6E48230032CDBB /* LaunchScreen.storyboard */,
				E768BE481E6E48230032CDBB /* Info.plist */,
				E7483A011E6E644B002C1A5D /* RightBadge.swift */,
				E7483A031E6E8AD6002C1A5D /* LoginVC.swift */,
				E7483A071E6EA835002C1A5D /* NaviBarBtn.swift */,
				E7DC74F21E714EDC0017866F /* AppointmetFormerInteractor.swift */,
				E7DC74F31E714EDC0017866F /* AppointmetFormerModule.swift */,
				E7DC74F41E714EDC0017866F /* AppointmetFormerPresenter.swift */,
				E7DC74F51E714EDC0017866F /* AppointmetFormerRouter.swift */,
				E7DC74F61E714EDC0017866F /* AppointmetFormerViewController.swift */,
			);
			path = testt;
			sourceTree = "<group>";
		};
/* End PBXGroup section */

/* Begin PBXNativeTarget section */
		E768BE381E6E48230032CDBB /* testt */ = {
			isa = PBXNativeTarget;
			buildConfigurationList = E768BE4B1E6E48230032CDBB /* Build configuration list for PBXNativeTarget "testt" */;
			buildPhases = (
				B2F45381B94E12B50B44FC4E /* [CP] Check Pods Manifest.lock */,
				E768BE351E6E48230032CDBB /* Sources */,
				E768BE361E6E48230032CDBB /* Frameworks */,
				E768BE371E6E48230032CDBB /* Resources */,
				0E96095D1D4EE9A19EE2B1F9 /* [CP] Embed Pods Frameworks */,
				5575749945634EC7708E96F9 /* [CP] Copy Pods Resources */,
			);
			buildRules = (
			);
			dependencies = (
			);
			name = testt;
			productName = testt;
			productReference = E768BE391E6E48230032CDBB /* testt.app */;
			productType = "com.apple.product-type.application";
		};
/* End PBXNativeTarget section */

/* Begin PBXProject section */
		E768BE311E6E48230032CDBB /* Project object */ = {
			isa = PBXProject;
			attributes = {
				LastSwiftUpdateCheck = 0820;
				LastUpgradeCheck = 0820;
				ORGANIZATIONNAME = test;
				TargetAttributes = {
					E768BE381E6E48230032CDBB = {
						CreatedOnToolsVersion = 8.2.1;
						DevelopmentTeam = M43ZXET4L5;
						ProvisioningStyle = Automatic;
					};
				};
			};
			buildConfigurationList = E768BE341E6E48230032CDBB /* Build configuration list for PBXProject "testt" */;
			compatibilityVersion = "Xcode 3.2";
			developmentRegion = English;
			hasScannedForEncodings = 0;
			knownRegions = (
				en,
				Base,
			);
			mainGroup = E768BE301E6E48230032CDBB;
			productRefGroup = E768BE3A1E6E48230032CDBB /* Products */;
			projectDirPath = "";
			projectRoot = "";
			targets = (
				E768BE381E6E48230032CDBB /* testt */,
			);
		};
/* End PBXProject section */

/* Begin PBXResourcesBuildPhase section */
		E768BE371E6E48230032CDBB /* Resources */ = {
			isa = PBXResourcesBuildPhase;
			buildActionMask = 2147483647;
			files = (
				E768BE471E6E48230032CDBB /* LaunchScreen.storyboard in Resources */,
				E768BE441E6E48230032CDBB /* Assets.xcassets in Resources */,
				E7483A061E6EA341002C1A5D /* Assets.xcassets in Resources */,
				E768BE421E6E48230032CDBB /* Main.storyboard in Resources */,
			);
			runOnlyForDeploymentPostprocessing = 0;
		};
/* End PBXResourcesBuildPhase section */

/* Begin PBXShellScriptBuildPhase section */
		0E96095D1D4EE9A19EE2B1F9 /* [CP] Embed Pods Frameworks */ = {
			isa = PBXShellScriptBuildPhase;
			buildActionMask = 2147483647;
			files = (
			);
			inputPaths = (
			);
			name = "[CP] Embed Pods Frameworks";
			outputPaths = (
			);
			runOnlyForDeploymentPostprocessing = 0;
			shellPath = /bin/sh;
			shellScript = "\"${SRCROOT}/Pods/Target Support Files/Pods-testt/Pods-testt-frameworks.sh\"\n";
			showEnvVarsInLog = 0;
		};
		5575749945634EC7708E96F9 /* [CP] Copy Pods Resources */ = {
			isa = PBXShellScriptBuildPhase;
			buildActionMask = 2147483647;
			files = (
			);
			inputPaths = (
			);
			name = "[CP] Copy Pods Resources";
			outputPaths = (
			);
			runOnlyForDeploymentPostprocessing = 0;
			shellPath = /bin/sh;
			shellScript = "\"${SRCROOT}/Pods/Target Support Files/Pods-testt/Pods-testt-resources.sh\"\n";
			showEnvVarsInLog = 0;
		};
		B2F45381B94E12B50B44FC4E /* [CP] Check Pods Manifest.lock */ = {
			isa = PBXShellScriptBuildPhase;
			buildActionMask = 2147483647;
			files = (
			);
			inputPaths = (
			);
			name = "[CP] Check Pods Manifest.lock";
			outputPaths = (
			);
			runOnlyForDeploymentPostprocessing = 0;
			shellPath = /bin/sh;
			shellScript = "diff \"${PODS_ROOT}/../Podfile.lock\" \"${PODS_ROOT}/Manifest.lock\" > /dev/null\nif [ $? != 0 ] ; then\n    # print error to STDERR\n    echo \"error: The sandbox is not in sync with the Podfile.lock. Run 'pod install' or update your CocoaPods installation.\" >&2\n    exit 1\nfi\n";
			showEnvVarsInLog = 0;
		};
/* End PBXShellScriptBuildPhase section */

/* Begin PBXSourcesBuildPhase section */
		E768BE351E6E48230032CDBB /* Sources */ = {
			isa = PBXSourcesBuildPhase;
			buildActionMask = 2147483647;
			files = (
				E7483A081E6EA835002C1A5D /* NaviBarBtn.swift in Sources */,
				E7DC74FA1E714EDC0017866F /* AppointmetFormerRouter.swift in Sources */,
				E7DC74F81E714EDC0017866F /* AppointmetFormerModule.swift in Sources */,
				E768BE3F1E6E48230032CDBB /* ViewController.swift in Sources */,
				E7483A021E6E644B002C1A5D /* RightBadge.swift in Sources */,
				E7483A041E6E8AD6002C1A5D /* LoginVC.swift in Sources */,
				E7DC74F71E714EDC0017866F /* AppointmetFormerInteractor.swift in Sources */,
				E7DC74F91E714EDC0017866F /* AppointmetFormerPresenter.swift in Sources */,
				E7DC74FB1E714EDC0017866F /* AppointmetFormerViewController.swift in Sources */,
				E768BE3D1E6E48230032CDBB /* AppDelegate.swift in Sources */,
			);
			runOnlyForDeploymentPostprocessing = 0;
		};
/* End PBXSourcesBuildPhase section */

/* Begin PBXVariantGroup section */
		E768BE401E6E48230032CDBB /* Main.storyboard */ = {
			isa = PBXVariantGroup;
			children = (
				E768BE411E6E48230032CDBB /* Base */,
			);
			name = Main.storyboard;
			sourceTree = "<group>";
		};
		E768BE451E6E48230032CDBB /* LaunchScreen.storyboard */ = {
			isa = PBXVariantGroup;
			children = (
				E768BE461E6E48230032CDBB /* Base */,
			);
			name = LaunchScreen.storyboard;
			sourceTree = "<group>";
		};
/* End PBXVariantGroup section */

/* Begin XCBuildConfiguration section */
		E768BE491E6E48230032CDBB /* Debug */ = {
			isa = XCBuildConfiguration;
			buildSettings = {
				ALWAYS_SEARCH_USER_PATHS = NO;
				CLANG_ANALYZER_NONNULL = YES;
				CLANG_CXX_LANGUAGE_STANDARD = "gnu++0x";
				CLANG_CXX_LIBRARY = "libc++";
				CLANG_ENABLE_MODULES = YES;
				CLANG_ENABLE_OBJC_ARC = YES;
				CLANG_WARN_BOOL_CONVERSION = YES;
				CLANG_WARN_CONSTANT_CONVERSION = YES;
				CLANG_WARN_DIRECT_OBJC_ISA_USAGE = YES_ERROR;
				CLANG_WARN_DOCUMENTATION_COMMENTS = YES;
				CLANG_WARN_EMPTY_BODY = YES;
				CLANG_WARN_ENUM_CONVERSION = YES;
				CLANG_WARN_INFINITE_RECURSION = YES;
				CLANG_WARN_INT_CONVERSION = YES;
				CLANG_WARN_OBJC_ROOT_CLASS = YES_ERROR;
				CLANG_WARN_SUSPICIOUS_MOVE = YES;
				CLANG_WARN_UNREACHABLE_CODE = YES;
				CLANG_WARN__DUPLICATE_METHOD_MATCH = YES;
				"CODE_SIGN_IDENTITY[sdk=iphoneos*]" = "iPhone Developer";
				COPY_PHASE_STRIP = NO;
				DEBUG_INFORMATION_FORMAT = dwarf;
				ENABLE_STRICT_OBJC_MSGSEND = YES;
				ENABLE_TESTABILITY = YES;
				GCC_C_LANGUAGE_STANDARD = gnu99;
				GCC_DYNAMIC_NO_PIC = NO;
				GCC_NO_COMMON_BLOCKS = YES;
				GCC_OPTIMIZATION_LEVEL = 0;
				GCC_PREPROCESSOR_DEFINITIONS = (
					"DEBUG=1",
					"$(inherited)",
				);
				GCC_WARN_64_TO_32_BIT_CONVERSION = YES;
				GCC_WARN_ABOUT_RETURN_TYPE = YES_ERROR;
				GCC_WARN_UNDECLARED_SELECTOR = YES;
				GCC_WARN_UNINITIALIZED_AUTOS = YES_AGGRESSIVE;
				GCC_WARN_UNUSED_FUNCTION = YES;
				GCC_WARN_UNUSED_VARIABLE = YES;
				IPHONEOS_DEPLOYMENT_TARGET = 10.2;
				MTL_ENABLE_DEBUG_INFO = YES;
				ONLY_ACTIVE_ARCH = YES;
				SDKROOT = iphoneos;
				SWIFT_ACTIVE_COMPILATION_CONDITIONS = DEBUG;
				SWIFT_OPTIMIZATION_LEVEL = "-Onone";
				TARGETED_DEVICE_FAMILY = "1,2";
			};
			name = Debug;
		};
		E768BE4A1E6E48230032CDBB /* Release */ = {
			isa = XCBuildConfiguration;
			buildSettings = {
				ALWAYS_SEARCH_USER_PATHS = NO;
				CLANG_ANALYZER_NONNULL = YES;
				CLANG_CXX_LANGUAGE_STANDARD = "gnu++0x";
				CLANG_CXX_LIBRARY = "libc++";
				CLANG_ENABLE_MODULES = YES;
				CLANG_ENABLE_OBJC_ARC = YES;
				CLANG_WARN_BOOL_CONVERSION = YES;
				CLANG_WARN_CONSTANT_CONVERSION = YES;
				CLANG_WARN_DIRECT_OBJC_ISA_USAGE = YES_ERROR;
				CLANG_WARN_DOCUMENTATION_COMMENTS = YES;
				CLANG_WARN_EMPTY_BODY = YES;
				CLANG_WARN_ENUM_CONVERSION = YES;
				CLANG_WARN_INFINITE_RECURSION = YES;
				CLANG_WARN_INT_CONVERSION = YES;
				CLANG_WARN_OBJC_ROOT_CLASS = YES_ERROR;
				CLANG_WARN_SUSPICIOUS_MOVE = YES;
				CLANG_WARN_UNREACHABLE_CODE = YES;
				CLANG_WARN__DUPLICATE_METHOD_MATCH = YES;
				"CODE_SIGN_IDENTITY[sdk=iphoneos*]" = "iPhone Developer";
				COPY_PHASE_STRIP = NO;
				DEBUG_INFORMATION_FORMAT = "dwarf-with-dsym";
				ENABLE_NS_ASSERTIONS = NO;
				ENABLE_STRICT_OBJC_MSGSEND = YES;
				GCC_C_LANGUAGE_STANDARD = gnu99;
				GCC_NO_COMMON_BLOCKS = YES;
				GCC_WARN_64_TO_32_BIT_CONVERSION = YES;
				GCC_WARN_ABOUT_RETURN_TYPE = YES_ERROR;
				GCC_WARN_UNDECLARED_SELECTOR = YES;
				GCC_WARN_UNINITIALIZED_AUTOS = YES_AGGRESSIVE;
				GCC_WARN_UNUSED_FUNCTION = YES;
				GCC_WARN_UNUSED_VARIABLE = YES;
				IPHONEOS_DEPLOYMENT_TARGET = 10.2;
				MTL_ENABLE_DEBUG_INFO = NO;
				SDKROOT = iphoneos;
				SWIFT_OPTIMIZATION_LEVEL = "-Owholemodule";
				TARGETED_DEVICE_FAMILY = "1,2";
				VALIDATE_PRODUCT = YES;
			};
			name = Release;
		};
		E768BE4C1E6E48230032CDBB /* Debug */ = {
			isa = XCBuildConfiguration;
			baseConfigurationReference = FF5892539239284CA1BC8476 /* Pods-testt.debug.xcconfig */;
			buildSettings = {
				ASSETCATALOG_COMPILER_APPICON_NAME = AppIcon;
				DEVELOPMENT_TEAM = M43ZXET4L5;
				INFOPLIST_FILE = testt/Info.plist;
				IPHONEOS_DEPLOYMENT_TARGET = 9.3;
				LD_RUNPATH_SEARCH_PATHS = "$(inherited) @executable_path/Frameworks";
				PRODUCT_BUNDLE_IDENTIFIER = com.test.testt;
				PRODUCT_NAME = "$(TARGET_NAME)";
				SWIFT_VERSION = 3.0;
			};
			name = Debug;
		};
		E768BE4D1E6E48230032CDBB /* Release */ = {
			isa = XCBuildConfiguration;
			baseConfigurationReference = A7676AE8E0699E9687E1F831 /* Pods-testt.release.xcconfig */;
			buildSettings = {
				ASSETCATALOG_COMPILER_APPICON_NAME = AppIcon;
				DEVELOPMENT_TEAM = M43ZXET4L5;
				INFOPLIST_FILE = testt/Info.plist;
				IPHONEOS_DEPLOYMENT_TARGET = 9.3;
				LD_RUNPATH_SEARCH_PATHS = "$(inherited) @executable_path/Frameworks";
				PRODUCT_BUNDLE_IDENTIFIER = com.test.testt;
				PRODUCT_NAME = "$(TARGET_NAME)";
				SWIFT_VERSION = 3.0;
			};
			name = Release;
		};
/* End XCBuildConfiguration section */

/* Begin XCConfigurationList section */
		E768BE341E6E48230032CDBB /* Build configuration list for PBXProject "testt" */ = {
			isa = XCConfigurationList;
			buildConfigurations = (
				E768BE491E6E48230032CDBB /* Debug */,
				E768BE4A1E6E48230032CDBB /* Release */,
			);
			defaultConfigurationIsVisible = 0;
			defaultConfigurationName = Release;
		};
		E768BE4B1E6E48230032CDBB /* Build configuration list for PBXNativeTarget "testt" */ = {
			isa = XCConfigurationList;
			buildConfigurations = (
				E768BE4C1E6E48230032CDBB /* Debug */,
				E768BE4D1E6E48230032CDBB /* Release */,
			);
			defaultConfigurationIsVisible = 0;
			defaultConfigurationName = Release;
		};
/* End XCConfigurationList section */
	};
	rootObject = E768BE311E6E48230032CDBB /* Project object */;
}
